{
  "nodes": {
    "aagl": {
      "inputs": {
        "flake-compat": "flake-compat",
        "nixpkgs": [
          "nixpkgs"
        ]
      },
      "locked": {
        "lastModified": 1721560199,
        "narHash": "sha256-XQVh+i9/m2J2AfwuqJcKpm3GM67Top8mHKgaJ7lL1l0=",
        "owner": "ezKEa",
        "repo": "aagl-gtk-on-nix",
        "rev": "cdb74c540af1d365ea799ba5d2200df707e31090",
        "type": "github"
      },
      "original": {
        "owner": "ezKEa",
        "repo": "aagl-gtk-on-nix",
        "type": "github"
      }
    },
    "anipy-cli": {
      "inputs": {
        "nixpkgs": [
          "nixpkgs"
        ],
        "poetry2nix": "poetry2nix"
      },
      "locked": {
        "lastModified": 1721567748,
        "narHash": "sha256-PUpIVE/TX7Hcag+qkWYl8XEsdxHIT9aNU3/OkeGPRwc=",
        "owner": "sdaqo",
        "repo": "anipy-cli",
        "rev": "017511b54575c7abd71d3f8c246509c852307779",
        "type": "github"
      },
      "original": {
        "owner": "sdaqo",
        "repo": "anipy-cli",
        "type": "github"
      }
    },
    "apple-fonts": {
      "inputs": {
        "flake-utils": "flake-utils_2",
        "nixpkgs": [
          "nixpkgs"
        ],
        "ny": "ny",
        "sf-arabic": "sf-arabic",
        "sf-compact": "sf-compact",
        "sf-mono": "sf-mono",
        "sf-pro": "sf-pro"
      },
      "locked": {
        "lastModified": 1719591391,
        "narHash": "sha256-sVTFewitXIYe5vBihbCFQGdBPdnT26kES1T05umBBnE=",
        "owner": "Lyndeno",
        "repo": "apple-fonts.nix",
        "rev": "0e21619dad5b0d9ca2e050155e32448380547b06",
        "type": "github"
      },
      "original": {
        "owner": "Lyndeno",
        "repo": "apple-fonts.nix",
        "type": "github"
      }
    },
    "bird-nix-lib": {
      "inputs": {
        "nixpkgs": [
          "nixpkgs"
        ],
        "systems": [
          "systems"
        ]
      },
      "locked": {
        "lastModified": 1718015582,
        "narHash": "sha256-VzK23WKktlJdTcoOh+rXKhSPYRWkl9ShIZh4tB44UV4=",
        "owner": "spikespaz",
        "repo": "bird-nix-lib",
        "rev": "95948f65ac043078661910cb23a123b4b2b9fb8c",
        "type": "github"
      },
      "original": {
        "owner": "spikespaz",
        "repo": "bird-nix-lib",
        "type": "github"
      }
    },
    "catppuccin": {
      "locked": {
        "lastModified": 1721784420,
        "narHash": "sha256-bgF6fN4Qgk7NErFKGuuqWXcLORsiykTYyqMUFRiAUBY=",
        "owner": "catppuccin",
        "repo": "nix",
        "rev": "8bdb55cc1c13f572b6e4307a3c0d64f1ae286a4f",
        "type": "github"
      },
      "original": {
        "owner": "catppuccin",
        "repo": "nix",
        "type": "github"
      }
    },
    "crane": {
      "inputs": {
        "nixpkgs": [
          "edgedb",
          "nixpkgs"
        ]
      },
      "locked": {
        "lastModified": 1714864355,
        "narHash": "sha256-uXNW6bapWFfkYIkK1EagydSrFMqycOYEDSq75GmUpjk=",
        "owner": "ipetkov",
        "repo": "crane",
        "rev": "442a7a6152f49b907e73206dc8e1f46a61e8e873",
        "type": "github"
      },
      "original": {
        "owner": "ipetkov",
        "repo": "crane",
        "type": "github"
      }
    },
    "devshell": {
      "inputs": {
        "flake-utils": "flake-utils_4",
        "nixpkgs": [
          "nix-topology",
          "nixpkgs"
        ]
      },
      "locked": {
        "lastModified": 1713532798,
        "narHash": "sha256-wtBhsdMJA3Wa32Wtm1eeo84GejtI43pMrFrmwLXrsEc=",
        "owner": "numtide",
        "repo": "devshell",
        "rev": "12e914740a25ea1891ec619bb53cf5e6ca922e40",
        "type": "github"
      },
      "original": {
        "owner": "numtide",
        "repo": "devshell",
        "type": "github"
      }
    },
    "edgedb": {
      "inputs": {
        "crane": "crane",
        "fenix": "fenix",
        "flake-parts": "flake-parts",
        "nixpkgs": "nixpkgs_2"
      },
      "locked": {
        "lastModified": 1720422321,
        "narHash": "sha256-6AOBQSP17xz0JjE5pI/ao/cFhMw6CiWJIE0NfxmAm34=",
        "owner": "edgedb",
        "repo": "packages-nix",
        "rev": "ec9d4c9bbde1e95e5b087163e96ceb707b485530",
        "type": "github"
      },
      "original": {
        "owner": "edgedb",
        "repo": "packages-nix",
        "type": "github"
      }
    },
    "fenix": {
      "inputs": {
        "nixpkgs": [
          "edgedb",
          "nixpkgs"
        ],
        "rust-analyzer-src": [
          "edgedb"
        ]
      },
      "locked": {
        "lastModified": 1715063087,
        "narHash": "sha256-cktPkcCmJ2sR0V/FaWEuCWmKuGPbwoMltih/EfF0mXg=",
        "owner": "nix-community",
        "repo": "fenix",
        "rev": "f8f16c1f2c83bea4e51e6522d988ec8bfcc8420e",
        "type": "github"
      },
      "original": {
        "owner": "nix-community",
        "repo": "fenix",
        "type": "github"
      }
    },
    "fenix_2": {
      "inputs": {
        "nixpkgs": [
          "fh",
          "nixpkgs"
        ],
        "rust-analyzer-src": "rust-analyzer-src"
      },
      "locked": {
        "narHash": "sha256-0dZpggYjjmWEk+rGixiBHOHuQfLzEzNfrtjSig04s6Q=",
        "rev": "9ccae1754eec0341b640d5705302ac0923d22875",
        "revCount": 1618,
        "type": "tarball",
        "url": "https://api.flakehub.com/f/pinned/nix-community/fenix/0.1.1618%2Brev-9ccae1754eec0341b640d5705302ac0923d22875/018aea4c-03c9-7734-95d5-b84cc8881e3d/source.tar.gz"
      },
      "original": {
        "type": "tarball",
        "url": "https://flakehub.com/f/nix-community/fenix/0.1.1565.tar.gz"
      }
    },
    "fh": {
      "inputs": {
        "fenix": "fenix_2",
        "flake-compat": "flake-compat_2",
        "flake-schemas": "flake-schemas",
        "naersk": "naersk",
        "nixpkgs": [
          "nixpkgs"
        ]
      },
      "locked": {
        "lastModified": 1720661053,
        "narHash": "sha256-CI6tD6B4CTrC1yCAK03faUm63hyLUBJhseB8oBdIlrc=",
        "rev": "0da4df06c07d83292b649ee9008f53f2b309c7d6",
        "revCount": 492,
        "type": "tarball",
        "url": "https://api.flakehub.com/f/pinned/DeterminateSystems/fh/0.1.13/0190a257-196d-7492-a396-9bd014391ad5/source.tar.gz"
      },
      "original": {
        "type": "tarball",
        "url": "https://flakehub.com/f/DeterminateSystems/fh/%2A.tar.gz"
      }
    },
    "flake-compat": {
      "flake": false,
      "locked": {
        "lastModified": 1696426674,
        "narHash": "sha256-kvjfFW7WAETZlt09AgDn1MrtKzP7t90Vf7vypd3OL1U=",
        "owner": "edolstra",
        "repo": "flake-compat",
        "rev": "0f9255e01c2351cc7d116c072cb317785dd33b33",
        "type": "github"
      },
      "original": {
        "owner": "edolstra",
        "repo": "flake-compat",
        "type": "github"
      }
    },
    "flake-compat_2": {
      "locked": {
        "narHash": "sha256-kvjfFW7WAETZlt09AgDn1MrtKzP7t90Vf7vypd3OL1U=",
        "rev": "0f9255e01c2351cc7d116c072cb317785dd33b33",
        "revCount": 57,
        "type": "tarball",
        "url": "https://api.flakehub.com/f/pinned/edolstra/flake-compat/1.0.1/018afb31-abd1-7bff-a5e4-cff7e18efb7a/source.tar.gz"
      },
      "original": {
        "type": "tarball",
        "url": "https://flakehub.com/f/edolstra/flake-compat/1.0.1.tar.gz"
      }
    },
    "flake-compat_3": {
      "flake": false,
      "locked": {
        "lastModified": 1696426674,
        "narHash": "sha256-kvjfFW7WAETZlt09AgDn1MrtKzP7t90Vf7vypd3OL1U=",
        "owner": "edolstra",
        "repo": "flake-compat",
        "rev": "0f9255e01c2351cc7d116c072cb317785dd33b33",
        "type": "github"
      },
      "original": {
        "owner": "edolstra",
        "repo": "flake-compat",
        "type": "github"
      }
    },
    "flake-compat_4": {
      "flake": false,
      "locked": {
        "lastModified": 1696426674,
        "narHash": "sha256-kvjfFW7WAETZlt09AgDn1MrtKzP7t90Vf7vypd3OL1U=",
        "owner": "edolstra",
        "repo": "flake-compat",
        "rev": "0f9255e01c2351cc7d116c072cb317785dd33b33",
        "type": "github"
      },
      "original": {
        "owner": "edolstra",
        "repo": "flake-compat",
        "type": "github"
      }
    },
    "flake-parts": {
      "inputs": {
        "nixpkgs-lib": "nixpkgs-lib"
      },
      "locked": {
        "lastModified": 1709336216,
        "narHash": "sha256-Dt/wOWeW6Sqm11Yh+2+t0dfEWxoMxGBvv3JpIocFl9E=",
        "owner": "hercules-ci",
        "repo": "flake-parts",
        "rev": "f7b3c975cf067e56e7cda6cb098ebe3fb4d74ca2",
        "type": "github"
      },
      "original": {
        "owner": "hercules-ci",
        "repo": "flake-parts",
        "type": "github"
      }
    },
    "flake-parts_2": {
      "inputs": {
        "nixpkgs-lib": [
          "nixpkgs"
        ]
      },
      "locked": {
        "lastModified": 1719994518,
        "narHash": "sha256-pQMhCCHyQGRzdfAkdJ4cIWiw+JNuWsTX7f0ZYSyz0VY=",
        "owner": "hercules-ci",
        "repo": "flake-parts",
        "rev": "9227223f6d922fee3c7b190b2cc238a99527bbb7",
        "type": "github"
      },
      "original": {
        "owner": "hercules-ci",
        "repo": "flake-parts",
        "type": "github"
      }
    },
    "flake-schemas": {
      "locked": {
        "lastModified": 1697467827,
        "narHash": "sha256-j8SR19V1SRysyJwpOBF4TLuAvAjF5t+gMiboN4gYQDU=",
        "rev": "764932025c817d4e500a8d2a4d8c565563923d29",
        "revCount": 29,
        "type": "tarball",
        "url": "https://api.flakehub.com/f/pinned/DeterminateSystems/flake-schemas/0.1.2/018b3da8-4cc3-7fbb-8ff7-1588413c53e2/source.tar.gz"
      },
      "original": {
        "type": "tarball",
        "url": "https://flakehub.com/f/DeterminateSystems/flake-schemas/%2A.tar.gz"
      }
    },
    "flake-schemas_2": {
      "locked": {
        "lastModified": 1721786084,
        "narHash": "sha256-efoDF3VaZHpcwFd2Y1axGLqNX/ou9kDL7z9mWNqzv9w=",
        "rev": "fa4dcab2993795df7ab5fe3f1af40e496ebba82d",
        "revCount": 72,
        "type": "tarball",
        "url": "https://api.flakehub.com/f/pinned/DeterminateSystems/flake-schemas/0.1.4/0190e653-dd76-70bd-ba6e-a3f5eaf3d415/source.tar.gz"
      },
      "original": {
        "type": "tarball",
        "url": "https://flakehub.com/f/DeterminateSystems/flake-schemas/%2A.tar.gz"
      }
    },
    "flake-utils": {
      "inputs": {
        "systems": "systems"
      },
      "locked": {
        "lastModified": 1710146030,
        "narHash": "sha256-SZ5L6eA7HJ/nmkzGG7/ISclqe6oZdOZTNoesiInkXPQ=",
        "owner": "numtide",
        "repo": "flake-utils",
        "rev": "b1d9ab70662946ef0850d488da1c9019f3a9752a",
        "type": "github"
      },
      "original": {
        "owner": "numtide",
        "repo": "flake-utils",
        "type": "github"
      }
    },
    "flake-utils_2": {
      "inputs": {
        "systems": "systems_3"
      },
      "locked": {
        "lastModified": 1710146030,
        "narHash": "sha256-SZ5L6eA7HJ/nmkzGG7/ISclqe6oZdOZTNoesiInkXPQ=",
        "owner": "numtide",
        "repo": "flake-utils",
        "rev": "b1d9ab70662946ef0850d488da1c9019f3a9752a",
        "type": "github"
      },
      "original": {
        "owner": "numtide",
        "repo": "flake-utils",
        "type": "github"
      }
    },
    "flake-utils_3": {
      "inputs": {
        "systems": "systems_4"
      },
      "locked": {
        "lastModified": 1710146030,
        "narHash": "sha256-SZ5L6eA7HJ/nmkzGG7/ISclqe6oZdOZTNoesiInkXPQ=",
        "owner": "numtide",
        "repo": "flake-utils",
        "rev": "b1d9ab70662946ef0850d488da1c9019f3a9752a",
        "type": "github"
      },
      "original": {
        "owner": "numtide",
        "repo": "flake-utils",
        "type": "github"
      }
    },
    "flake-utils_4": {
      "inputs": {
        "systems": "systems_6"
      },
      "locked": {
        "lastModified": 1701680307,
        "narHash": "sha256-kAuep2h5ajznlPMD9rnQyffWG8EM/C73lejGofXvdM8=",
        "owner": "numtide",
        "repo": "flake-utils",
        "rev": "4022d587cbbfd70fe950c1e2083a02621806a725",
        "type": "github"
      },
      "original": {
        "owner": "numtide",
        "repo": "flake-utils",
        "type": "github"
      }
    },
    "flake-utils_5": {
      "inputs": {
        "systems": "systems_7"
      },
      "locked": {
        "lastModified": 1710146030,
        "narHash": "sha256-SZ5L6eA7HJ/nmkzGG7/ISclqe6oZdOZTNoesiInkXPQ=",
        "owner": "numtide",
        "repo": "flake-utils",
        "rev": "b1d9ab70662946ef0850d488da1c9019f3a9752a",
        "type": "github"
      },
      "original": {
        "owner": "numtide",
        "repo": "flake-utils",
        "type": "github"
      }
    },
    "gitignore": {
      "inputs": {
        "nixpkgs": [
          "nix-topology",
          "pre-commit-hooks",
          "nixpkgs"
        ]
      },
      "locked": {
        "lastModified": 1709087332,
        "narHash": "sha256-HG2cCnktfHsKV0s4XW83gU3F57gaTljL9KNSuG6bnQs=",
        "owner": "hercules-ci",
        "repo": "gitignore.nix",
        "rev": "637db329424fd7e46cf4185293b9cc8c88c95394",
        "type": "github"
      },
      "original": {
        "owner": "hercules-ci",
        "repo": "gitignore.nix",
        "type": "github"
      }
    },
    "gitignore_2": {
      "inputs": {
        "nixpkgs": [
          "pre-commit-hooks-nix",
          "nixpkgs"
        ]
      },
      "locked": {
        "lastModified": 1709087332,
        "narHash": "sha256-HG2cCnktfHsKV0s4XW83gU3F57gaTljL9KNSuG6bnQs=",
        "owner": "hercules-ci",
        "repo": "gitignore.nix",
        "rev": "637db329424fd7e46cf4185293b9cc8c88c95394",
        "type": "github"
      },
      "original": {
        "owner": "hercules-ci",
        "repo": "gitignore.nix",
        "type": "github"
      }
    },
    "home-manager-unstable": {
      "inputs": {
        "nixpkgs": [
          "nixos-unstable"
        ]
      },
      "locked": {
        "lastModified": 1721852138,
        "narHash": "sha256-JH8N5uoqoVA6erV4O40VtKKHsnfmhvMGbxMNDLtim5o=",
        "owner": "nix-community",
        "repo": "home-manager",
        "rev": "304a011325b7ac7b8c9950333cd215a7aa146b0e",
        "type": "github"
      },
      "original": {
        "owner": "nix-community",
        "repo": "home-manager",
        "type": "github"
      }
    },
    "jj_tui": {
      "inputs": {
        "flake-parts": [
          "flake-parts"
        ],
        "nixpkgs": [
          "nixpkgs"
        ],
        "ocaml-overlay": "ocaml-overlay"
      },
      "locked": {
        "lastModified": 1721701095,
        "narHash": "sha256-hmnTHQ681nAV/vW3lRT8PoHTCS1cI1DzkZd+8YCq58E=",
        "owner": "faldor20",
        "repo": "jj_tui",
        "rev": "79f8f4ba1c4b6d6e31bc282979e037648974bb7a",
        "type": "github"
      },
      "original": {
        "owner": "faldor20",
        "repo": "jj_tui",
        "type": "github"
      }
    },
    "just-flake": {
      "locked": {
        "lastModified": 1713316411,
        "narHash": "sha256-NkJfU6H+6vgHkPtZ2ESbZ/h2wnsDQrZvB4vbdUIBx8Q=",
        "owner": "juspay",
        "repo": "just-flake",
        "rev": "0e33952a4bcd16cd54ee3aba8111606c237d4526",
        "type": "github"
      },
      "original": {
        "owner": "juspay",
        "repo": "just-flake",
        "type": "github"
      }
    },
    "lobster": {
      "inputs": {
        "nixpkgs": [
          "nixpkgs"
        ],
        "systems": "systems_5"
      },
      "locked": {
        "lastModified": 1721143663,
        "narHash": "sha256-/Njg1mr2R3X5JUoW3SmCovBl4NwA7JmD1tuQ4lcJHSw=",
        "owner": "justchokingaround",
        "repo": "lobster",
        "rev": "3b7e71d9481bbbdf3996240749c190baa23b29d6",
        "type": "github"
      },
      "original": {
        "owner": "justchokingaround",
        "repo": "lobster",
        "type": "github"
      }
    },
    "naersk": {
      "inputs": {
        "nixpkgs": [
          "fh",
          "nixpkgs"
        ]
      },
      "locked": {
        "lastModified": 1713520724,
        "narHash": "sha256-CO8MmVDmqZX2FovL75pu5BvwhW+Vugc7Q6ze7Hj8heI=",
        "rev": "c5037590290c6c7dae2e42e7da1e247e54ed2d49",
        "revCount": 335,
        "type": "tarball",
        "url": "https://api.flakehub.com/f/pinned/nix-community/naersk/0.1.335%2Brev-c5037590290c6c7dae2e42e7da1e247e54ed2d49/018ef76d-0fd8-71be-8bed-58aa46d5dc3a/source.tar.gz"
      },
      "original": {
        "type": "tarball",
        "url": "https://flakehub.com/f/nix-community/naersk/0.1.335.tar.gz"
      }
    },
    "nix-flatpak": {
      "locked": {
        "lastModified": 1721549352,
        "narHash": "sha256-nlXJa8RSOX0kykrIYW33ukoHYq+FOSNztHLLgqKwOp8=",
        "owner": "gmodena",
        "repo": "nix-flatpak",
        "rev": "dbce39ea8664820ba9037caaf1e2fad365ed6b4b",
        "type": "github"
      },
      "original": {
        "owner": "gmodena",
        "repo": "nix-flatpak",
        "type": "github"
      }
    },
    "nix-github-actions": {
      "inputs": {
        "nixpkgs": [
          "anipy-cli",
          "poetry2nix",
          "nixpkgs"
        ]
      },
      "locked": {
        "lastModified": 1703863825,
        "narHash": "sha256-rXwqjtwiGKJheXB43ybM8NwWB8rO2dSRrEqes0S7F5Y=",
        "owner": "nix-community",
        "repo": "nix-github-actions",
        "rev": "5163432afc817cf8bd1f031418d1869e4c9d5547",
        "type": "github"
      },
      "original": {
        "owner": "nix-community",
        "repo": "nix-github-actions",
        "type": "github"
      }
    },
    "nix-topology": {
      "inputs": {
        "devshell": "devshell",
        "flake-utils": "flake-utils_5",
        "nixpkgs": [
          "nixpkgs"
        ],
        "pre-commit-hooks": "pre-commit-hooks"
      },
      "locked": {
        "lastModified": 1721160643,
        "narHash": "sha256-ZkjJnwgDUkjzgySZv9GjKnDsDmNJVkU2u2pLD4a1QKA=",
        "owner": "oddlama",
        "repo": "nix-topology",
        "rev": "fe9ace7f40a63e3eb9b39a20a1032834e090d806",
        "type": "github"
      },
      "original": {
        "owner": "oddlama",
        "repo": "nix-topology",
        "type": "github"
      }
    },
    "nixos-flake": {
      "locked": {
        "lastModified": 1721140942,
        "narHash": "sha256-iEqZGdnkG+Hm0jZhS59NJwEyB6z9caVnudWPGHZ/FAE=",
        "owner": "srid",
        "repo": "nixos-flake",
        "rev": "5734c1d9a5fe0bc8e8beaf389ad6227392ca0108",
        "type": "github"
      },
      "original": {
        "owner": "srid",
        "repo": "nixos-flake",
        "type": "github"
      }
    },
    "nixos-unstable": {
      "locked": {
        "lastModified": 1721562059,
        "narHash": "sha256-Tybxt65eyOARf285hMHIJ2uul8SULjFZbT9ZaEeUnP8=",
        "owner": "NixOS",
        "repo": "nixpkgs",
        "rev": "68c9ed8bbed9dfce253cc91560bf9043297ef2fe",
        "type": "github"
      },
      "original": {
        "owner": "NixOS",
        "ref": "nixos-unstable",
        "repo": "nixpkgs",
        "type": "github"
      }
    },
    "nixpkgs": {
      "locked": {
        "lastModified": 1714463564,
        "narHash": "sha256-8+w/34w9azAHZA9TwvzdT2z7VFFEey7tXsan5q5bR1M=",
        "owner": "NixOS",
        "repo": "nixpkgs",
        "rev": "9b03589f4d174bfd6ea9a9de6fb85333fd190f8b",
        "type": "github"
      },
      "original": {
        "owner": "NixOS",
        "ref": "nixos-unstable-small",
        "repo": "nixpkgs",
        "type": "github"
      }
    },
    "nixpkgs-lib": {
      "locked": {
        "dir": "lib",
        "lastModified": 1709237383,
        "narHash": "sha256-cy6ArO4k5qTx+l5o+0mL9f5fa86tYUX3ozE1S+Txlds=",
        "owner": "NixOS",
        "repo": "nixpkgs",
        "rev": "1536926ef5621b09bba54035ae2bb6d806d72ac8",
        "type": "github"
      },
      "original": {
        "dir": "lib",
        "owner": "NixOS",
        "ref": "nixos-unstable",
        "repo": "nixpkgs",
        "type": "github"
      }
    },
    "nixpkgs-stable": {
      "locked": {
        "lastModified": 1710695816,
        "narHash": "sha256-3Eh7fhEID17pv9ZxrPwCLfqXnYP006RKzSs0JptsN84=",
        "owner": "NixOS",
        "repo": "nixpkgs",
        "rev": "614b4613980a522ba49f0d194531beddbb7220d3",
        "type": "github"
      },
      "original": {
        "owner": "NixOS",
        "ref": "nixos-23.11",
        "repo": "nixpkgs",
        "type": "github"
      }
    },
    "nixpkgs-stable_2": {
      "locked": {
        "lastModified": 1720386169,
        "narHash": "sha256-NGKVY4PjzwAa4upkGtAMz1npHGoRzWotlSnVlqI40mo=",
        "owner": "NixOS",
        "repo": "nixpkgs",
        "rev": "194846768975b7ad2c4988bdb82572c00222c0d7",
        "type": "github"
      },
      "original": {
        "owner": "NixOS",
        "ref": "nixos-24.05",
        "repo": "nixpkgs",
        "type": "github"
      }
    },
    "nixpkgs_2": {
      "locked": {
        "lastModified": 1709816690,
        "narHash": "sha256-ugzGLZd+LPVigd8psiEpHokxsA6a3kXkVvkpH125FmM=",
        "owner": "nixos",
        "repo": "nixpkgs",
        "rev": "00f00e0663ee05d58b8f9bdc937018409d49d48a",
        "type": "github"
      },
      "original": {
        "owner": "nixos",
        "repo": "nixpkgs",
        "type": "github"
      }
    },
    "nur": {
      "locked": {
        "lastModified": 1721859852,
        "narHash": "sha256-V5d3+LiOx0xiGQbIhuAxGRfiwXPYipJIwufcXAWiot0=",
        "owner": "nix-community",
        "repo": "NUR",
        "rev": "d2041e87f4b2c103c66797829c4e4f5819b61ddd",
        "type": "github"
      },
      "original": {
        "owner": "nix-community",
        "repo": "NUR",
        "type": "github"
      }
    },
    "ny": {
      "flake": false,
      "locked": {
        "narHash": "sha256-FkV8Z2fdUTwvcKeltFJVCisvAarcdnmlj/33exdyxnQ=",
        "type": "file",
        "url": "https://devimages-cdn.apple.com/design/resources/download/NY.dmg"
      },
      "original": {
        "type": "file",
        "url": "https://devimages-cdn.apple.com/design/resources/download/NY.dmg"
      }
    },
    "ocaml-overlay": {
      "inputs": {
        "flake-utils": "flake-utils_3",
        "nixpkgs": [
          "jj_tui",
          "nixpkgs"
        ]
      },
      "locked": {
        "lastModified": 1719368747,
        "narHash": "sha256-nLZ4hu9dkyysMBFi+8VFkQ7X0H/DZVgK7izECfdS/9A=",
        "owner": "0x50F1A",
        "repo": "nix-overlays",
        "rev": "6bf0ee9361979b3539a61644a43b83a65f0258b0",
        "type": "github"
      },
      "original": {
        "owner": "nix-ocaml",
        "repo": "nix-overlays",
        "type": "github"
      }
    },
    "poetry2nix": {
      "inputs": {
        "flake-utils": "flake-utils",
        "nix-github-actions": "nix-github-actions",
        "nixpkgs": "nixpkgs",
        "systems": "systems_2",
        "treefmt-nix": "treefmt-nix"
      },
      "locked": {
        "lastModified": 1716724736,
        "narHash": "sha256-/KKrshurDivObtcKjDvXkyrdBaZXpBdlQ5KlOKrcBDg=",
        "owner": "nix-community",
        "repo": "poetry2nix",
        "rev": "68df56fbb08ce0e9db98ce7fde737ab26525835b",
        "type": "github"
      },
      "original": {
        "owner": "nix-community",
        "repo": "poetry2nix",
        "type": "github"
      }
    },
    "pre-commit-hooks": {
      "inputs": {
        "flake-compat": "flake-compat_3",
        "flake-utils": [
          "nix-topology",
          "flake-utils"
        ],
        "gitignore": "gitignore",
        "nixpkgs": [
          "nix-topology",
          "nixpkgs"
        ],
        "nixpkgs-stable": "nixpkgs-stable"
      },
      "locked": {
        "lastModified": 1714478972,
        "narHash": "sha256-q//cgb52vv81uOuwz1LaXElp3XAe1TqrABXODAEF6Sk=",
        "owner": "cachix",
        "repo": "pre-commit-hooks.nix",
        "rev": "2849da033884f54822af194400f8dff435ada242",
        "type": "github"
      },
      "original": {
        "owner": "cachix",
        "repo": "pre-commit-hooks.nix",
        "type": "github"
      }
    },
    "pre-commit-hooks-nix": {
      "inputs": {
        "flake-compat": "flake-compat_4",
        "gitignore": "gitignore_2",
        "nixpkgs": [
          "nixpkgs"
        ],
        "nixpkgs-stable": "nixpkgs-stable_2"
      },
      "locked": {
        "lastModified": 1721042469,
        "narHash": "sha256-6FPUl7HVtvRHCCBQne7Ylp4p+dpP3P/OYuzjztZ4s70=",
        "owner": "cachix",
        "repo": "pre-commit-hooks.nix",
        "rev": "f451c19376071a90d8c58ab1a953c6e9840527fd",
        "type": "github"
      },
      "original": {
        "owner": "cachix",
        "repo": "pre-commit-hooks.nix",
        "type": "github"
      }
    },
    "root": {
      "inputs": {
        "aagl": "aagl",
        "anipy-cli": "anipy-cli",
        "apple-fonts": "apple-fonts",
        "bird-nix-lib": "bird-nix-lib",
        "catppuccin": "catppuccin",
        "edgedb": "edgedb",
        "fh": "fh",
        "flake-parts": "flake-parts_2",
        "flake-schemas": "flake-schemas_2",
        "home-manager": [
          "home-manager-unstable"
        ],
        "home-manager-unstable": "home-manager-unstable",
        "jj_tui": "jj_tui",
        "just-flake": "just-flake",
        "lobster": "lobster",
        "nix-flatpak": "nix-flatpak",
        "nix-topology": "nix-topology",
        "nixos-flake": "nixos-flake",
        "nixos-unstable": "nixos-unstable",
        "nixpkgs": [
          "nixos-unstable"
        ],
        "nur": "nur",
        "pre-commit-hooks-nix": "pre-commit-hooks-nix",
        "systems": "systems_8",
        "treefmt-nix": "treefmt-nix_2"
      }
    },
    "rust-analyzer-src": {
      "flake": false,
      "locked": {
        "lastModified": 1696050837,
        "narHash": "sha256-2K3Aq4gjPZBDnkAMJaMA4ElE+BNbmrqtSBWtt9kPGaM=",
        "owner": "rust-lang",
        "repo": "rust-analyzer",
        "rev": "0840038f02daec6ba3238f05d8caa037d28701a0",
        "type": "github"
      },
      "original": {
        "owner": "rust-lang",
        "ref": "nightly",
        "repo": "rust-analyzer",
        "type": "github"
      }
    },
    "sf-arabic": {
      "flake": false,
      "locked": {
        "narHash": "sha256-u+Q2Hd+JCiKhIQtbQqawg1lIEgGhjmdGye2cNdWlBG0=",
        "type": "file",
        "url": "https://devimages-cdn.apple.com/design/resources/download/SF-Arabic.dmg"
      },
      "original": {
        "type": "file",
        "url": "https://devimages-cdn.apple.com/design/resources/download/SF-Arabic.dmg"
      }
    },
    "sf-compact": {
      "flake": false,
      "locked": {
        "narHash": "sha256-9kXXWmu2zg0LSE7SihItXmBltLvNwyG1Ba6QehvMh04=",
        "type": "file",
        "url": "https://devimages-cdn.apple.com/design/resources/download/SF-Compact.dmg"
      },
      "original": {
        "type": "file",
        "url": "https://devimages-cdn.apple.com/design/resources/download/SF-Compact.dmg"
      }
    },
    "sf-mono": {
      "flake": false,
      "locked": {
        "narHash": "sha256-BVmYmgqq79ezgyqNClyHkj2L4N3/PRisPm8YFBQZQ98=",
        "type": "file",
        "url": "https://devimages-cdn.apple.com/design/resources/download/SF-Mono.dmg"
      },
      "original": {
        "type": "file",
        "url": "https://devimages-cdn.apple.com/design/resources/download/SF-Mono.dmg"
      }
    },
    "sf-pro": {
      "flake": false,
      "locked": {
        "narHash": "sha256-yQhtaEPTuYOIOaC6eSPdka/Jv5Ydw3Mnd8Prlcgjs90=",
        "type": "file",
        "url": "https://devimages-cdn.apple.com/design/resources/download/SF-Pro.dmg"
      },
      "original": {
        "type": "file",
        "url": "https://devimages-cdn.apple.com/design/resources/download/SF-Pro.dmg"
      }
    },
    "systems": {
      "locked": {
        "lastModified": 1681028828,
        "narHash": "sha256-Vy1rq5AaRuLzOxct8nz4T6wlgyUR7zLU309k9mBC768=",
        "owner": "nix-systems",
        "repo": "default",
        "rev": "da67096a3b9bf56a91d16901293e51ba5b49a27e",
        "type": "github"
      },
      "original": {
        "owner": "nix-systems",
        "repo": "default",
        "type": "github"
      }
    },
    "systems_2": {
      "locked": {
        "lastModified": 1681028828,
        "narHash": "sha256-Vy1rq5AaRuLzOxct8nz4T6wlgyUR7zLU309k9mBC768=",
        "owner": "nix-systems",
        "repo": "default",
        "rev": "da67096a3b9bf56a91d16901293e51ba5b49a27e",
        "type": "github"
      },
      "original": {
        "id": "systems",
        "type": "indirect"
      }
    },
    "systems_3": {
      "locked": {
        "lastModified": 1681028828,
        "narHash": "sha256-Vy1rq5AaRuLzOxct8nz4T6wlgyUR7zLU309k9mBC768=",
        "owner": "nix-systems",
        "repo": "default",
        "rev": "da67096a3b9bf56a91d16901293e51ba5b49a27e",
        "type": "github"
      },
      "original": {
        "owner": "nix-systems",
        "repo": "default",
        "type": "github"
      }
    },
    "systems_4": {
      "locked": {
        "lastModified": 1681028828,
        "narHash": "sha256-Vy1rq5AaRuLzOxct8nz4T6wlgyUR7zLU309k9mBC768=",
        "owner": "nix-systems",
        "repo": "default",
        "rev": "da67096a3b9bf56a91d16901293e51ba5b49a27e",
        "type": "github"
      },
      "original": {
        "owner": "nix-systems",
        "repo": "default",
        "type": "github"
      }
    },
    "systems_5": {
      "locked": {
        "lastModified": 1689347949,
        "narHash": "sha256-12tWmuL2zgBgZkdoB6qXZsgJEH9LR3oUgpaQq2RbI80=",
        "owner": "nix-systems",
        "repo": "default-linux",
        "rev": "31732fcf5e8fea42e59c2488ad31a0e651500f68",
        "type": "github"
      },
      "original": {
        "owner": "nix-systems",
        "repo": "default-linux",
        "type": "github"
      }
    },
    "systems_6": {
      "locked": {
        "lastModified": 1681028828,
        "narHash": "sha256-Vy1rq5AaRuLzOxct8nz4T6wlgyUR7zLU309k9mBC768=",
        "owner": "nix-systems",
        "repo": "default",
        "rev": "da67096a3b9bf56a91d16901293e51ba5b49a27e",
        "type": "github"
      },
      "original": {
        "owner": "nix-systems",
        "repo": "default",
        "type": "github"
      }
    },
    "systems_7": {
      "locked": {
        "lastModified": 1681028828,
        "narHash": "sha256-Vy1rq5AaRuLzOxct8nz4T6wlgyUR7zLU309k9mBC768=",
        "owner": "nix-systems",
        "repo": "default",
        "rev": "da67096a3b9bf56a91d16901293e51ba5b49a27e",
        "type": "github"
      },
      "original": {
        "owner": "nix-systems",
        "repo": "default",
        "type": "github"
      }
    },
    "systems_8": {
      "locked": {
        "lastModified": 1681028828,
        "narHash": "sha256-Vy1rq5AaRuLzOxct8nz4T6wlgyUR7zLU309k9mBC768=",
        "owner": "nix-systems",
        "repo": "default",
        "rev": "da67096a3b9bf56a91d16901293e51ba5b49a27e",
        "type": "github"
      },
      "original": {
        "owner": "nix-systems",
        "repo": "default",
        "type": "github"
      }
    },
    "treefmt-nix": {
      "inputs": {
        "nixpkgs": [
          "anipy-cli",
          "poetry2nix",
          "nixpkgs"
        ]
      },
      "locked": {
        "lastModified": 1714058656,
        "narHash": "sha256-Qv4RBm4LKuO4fNOfx9wl40W2rBbv5u5m+whxRYUMiaA=",
        "owner": "numtide",
        "repo": "treefmt-nix",
        "rev": "c6aaf729f34a36c445618580a9f95a48f5e4e03f",
        "type": "github"
      },
      "original": {
        "owner": "numtide",
        "repo": "treefmt-nix",
        "type": "github"
      }
    },
    "treefmt-nix_2": {
      "inputs": {
        "nixpkgs": [
          "nixpkgs"
        ]
      },
      "locked": {
        "lastModified": 1721769617,
        "narHash": "sha256-6Pqa0bi5nV74IZcENKYRToRNM5obo1EQ+3ihtunJ014=",
        "owner": "numtide",
        "repo": "treefmt-nix",
        "rev": "8db8970be1fb8be9c845af7ebec53b699fe7e009",
        "type": "github"
      },
      "original": {
        "owner": "numtide",
        "repo": "treefmt-nix",
        "type": "github"
      }
    }
  },
  "root": "root",
  "version": 7
}
